
Microsoft Visual Studio Solution File, Format Version 12.00
# Visual Studio 15
VisualStudioVersion = 15.0.26730.12
MinimumVisualStudioVersion = 10.0.40219.1
Project("{8BC9CEB8-8B4A-11D0-8D11-00A0C91BC942}") = "PA04", "PA04.vcxproj", "{4AC8A5C8-C16C-4D7E-9737-9A52E0587B3D}"
EndProject
Global
	GlobalSection(SolutionConfigurationPlatforms) = preSolution
		Debug|x86 = Debug|x86
		Release|x86 = Release|x86
	EndGlobalSection
	GlobalSection(ProjectConfigurationPlatforms) = postSolution
		{4AC8A5C8-C16C-4D7E-9737-9A52E0587B3D}.Debug|x86.ActiveCfg = Debug|Win32
		{4AC8A5C8-C16C-4D7E-9737-9A52E0587B3D}.Debug|x86.Build.0 = Debug|Win32
		{4AC8A5C8-C16C-4D7E-9737-9A52E0587B3D}.Release|x86.ActiveCfg = Release|Win32
		{4AC8A5C8-C16C-4D7E-9737-9A52E0587B3D}.Release|x86.Build.0 = Release|Win32
	EndGlobalSection
	GlobalSection(SolutionProperties) = preSolution
		HideSolutionNode = FALSE
	EndGlobalSection
	GlobalSection(ExtensibilityGlobals) = postSolution
		SolutionGuid = {E226EB57-5F2B-4F90-82B4-2E4E0A1BB09C}
	EndGlobalSection
EndGlobal
